
Microsoft Visual Studio Solution File, Format Version 12.00
# Visual Studio Version 16
VisualStudioVersion = 16.0.30907.101
MinimumVisualStudioVersion = 10.0.40219.1
Project("{FAE04EC0-301F-11D3-BF4B-00C04F79EFBC}") = "ocelot-demo", "ocelot-demo\ocelot-demo.csproj", "{97431D12-4907-45D2-9EE1-CF0C6A93C90C}"
EndProject
Global
	GlobalSection(SolutionConfigurationPlatforms) = preSolution
		Debug|Any CPU = Debug|Any CPU
		Release|Any CPU = Release|Any CPU
	EndGlobalSection
	GlobalSection(ProjectConfigurationPlatforms) = postSolution
		{97431D12-4907-45D2-9EE1-CF0C6A93C90C}.Debug|Any CPU.ActiveCfg = Debug|Any CPU
		{97431D12-4907-45D2-9EE1-CF0C6A93C90C}.Debug|Any CPU.Build.0 = Debug|Any CPU
		{97431D12-4907-45D2-9EE1-CF0C6A93C90C}.Release|Any CPU.ActiveCfg = Release|Any CPU
		{97431D12-4907-45D2-9EE1-CF0C6A93C90C}.Release|Any CPU.Build.0 = Release|Any CPU
	EndGlobalSection
	GlobalSection(SolutionProperties) = preSolution
		HideSolutionNode = FALSE
	EndGlobalSection
	GlobalSection(ExtensibilityGlobals) = postSolution
		SolutionGuid = {059D3BAF-8F2C-457A-9C4B-8CC08EDD0989}
	EndGlobalSection
EndGlobal
